
Microsoft Visual Studio Solution File, Format Version 12.00
# Visual Studio Version 16
VisualStudioVersion = 16.0.31105.61
MinimumVisualStudioVersion = 10.0.40219.1
Project("{FAE04EC0-301F-11D3-BF4B-00C04F79EFBC}") = "FilmInverter.Android", "FilmInverter\FilmInverter.Android\FilmInverter.Android.csproj", "{A48807BF-5A9D-4ADC-AD75-7AEC414386FE}"
EndProject
Project("{FAE04EC0-301F-11D3-BF4B-00C04F79EFBC}") = "FilmInverter.iOS", "FilmInverter\FilmInverter.iOS\FilmInverter.iOS.csproj", "{14305182-CD72-47D2-8905-414D42D3DFDB}"
EndProject
Project("{FAE04EC0-301F-11D3-BF4B-00C04F79EFBC}") = "FilmInverter", "FilmInverter\FilmInverter\FilmInverter.csproj", "{F09E273E-720D-4DB1-BA3B-DF3E5CC23D58}"
EndProject
Global
	GlobalSection(SolutionConfigurationPlatforms) = preSolution
		Debug|Any CPU = Debug|Any CPU
		Debug|iPhone = Debug|iPhone
		Debug|iPhoneSimulator = Debug|iPhoneSimulator
		Release|Any CPU = Release|Any CPU
		Release|iPhone = Release|iPhone
		Release|iPhoneSimulator = Release|iPhoneSimulator
	EndGlobalSection
	GlobalSection(ProjectConfigurationPlatforms) = postSolution
		{A48807BF-5A9D-4ADC-AD75-7AEC414386FE}.Debug|Any CPU.ActiveCfg = Debug|Any CPU
		{A48807BF-5A9D-4ADC-AD75-7AEC414386FE}.Debug|Any CPU.Build.0 = Debug|Any CPU
		{A48807BF-5A9D-4ADC-AD75-7AEC414386FE}.Debug|Any CPU.Deploy.0 = Debug|Any CPU
		{A48807BF-5A9D-4ADC-AD75-7AEC414386FE}.Debug|iPhone.ActiveCfg = Debug|Any CPU
		{A48807BF-5A9D-4ADC-AD75-7AEC414386FE}.Debug|iPhone.Build.0 = Debug|Any CPU
		{A48807BF-5A9D-4ADC-AD75-7AEC414386FE}.Debug|iPhone.Deploy.0 = Debug|Any CPU
		{A48807BF-5A9D-4ADC-AD75-7AEC414386FE}.Debug|iPhoneSimulator.ActiveCfg = Debug|Any CPU
		{A48807BF-5A9D-4ADC-AD75-7AEC414386FE}.Debug|iPhoneSimulator.Build.0 = Debug|Any CPU
		{A48807BF-5A9D-4ADC-AD75-7AEC414386FE}.Debug|iPhoneSimulator.Deploy.0 = Debug|Any CPU
		{A48807BF-5A9D-4ADC-AD75-7AEC414386FE}.Release|Any CPU.ActiveCfg = Release|Any CPU
		{A48807BF-5A9D-4ADC-AD75-7AEC414386FE}.Release|Any CPU.Build.0 = Release|Any CPU
		{A48807BF-5A9D-4ADC-AD75-7AEC414386FE}.Release|Any CPU.Deploy.0 = Release|Any CPU
		{A48807BF-5A9D-4ADC-AD75-7AEC414386FE}.Release|iPhone.ActiveCfg = Release|Any CPU
		{A48807BF-5A9D-4ADC-AD75-7AEC414386FE}.Release|iPhone.Build.0 = Release|Any CPU
		{A48807BF-5A9D-4ADC-AD75-7AEC414386FE}.Release|iPhone.Deploy.0 = Release|Any CPU
		{A48807BF-5A9D-4ADC-AD75-7AEC414386FE}.Release|iPhoneSimulator.ActiveCfg = Release|Any CPU
		{A48807BF-5A9D-4ADC-AD75-7AEC414386FE}.Release|iPhoneSimulator.Build.0 = Release|Any CPU
		{A48807BF-5A9D-4ADC-AD75-7AEC414386FE}.Release|iPhoneSimulator.Deploy.0 = Release|Any CPU
		{14305182-CD72-47D2-8905-414D42D3DFDB}.Debug|Any CPU.ActiveCfg = Debug|iPhone
		{14305182-CD72-47D2-8905-414D42D3DFDB}.Debug|Any CPU.Build.0 = Debug|iPhone
		{14305182-CD72-47D2-8905-414D42D3DFDB}.Debug|Any CPU.Deploy.0 = Debug|iPhone
		{14305182-CD72-47D2-8905-414D42D3DFDB}.Debug|iPhone.ActiveCfg = Debug|iPhone
		{14305182-CD72-47D2-8905-414D42D3DFDB}.Debug|iPhone.Build.0 = Debug|iPhone
		{14305182-CD72-47D2-8905-414D42D3DFDB}.Debug|iPhone.Deploy.0 = Debug|iPhone
		{14305182-CD72-47D2-8905-414D42D3DFDB}.Debug|iPhoneSimulator.ActiveCfg = Debug|iPhoneSimulator
		{14305182-CD72-47D2-8905-414D42D3DFDB}.Debug|iPhoneSimulator.Build.0 = Debug|iPhoneSimulator
		{14305182-CD72-47D2-8905-414D42D3DFDB}.Debug|iPhoneSimulator.Deploy.0 = Debug|iPhoneSimulator
		{14305182-CD72-47D2-8905-414D42D3DFDB}.Release|Any CPU.ActiveCfg = Release|iPhoneSimulator
		{14305182-CD72-47D2-8905-414D42D3DFDB}.Release|Any CPU.Build.0 = Release|iPhoneSimulator
		{14305182-CD72-47D2-8905-414D42D3DFDB}.Release|Any CPU.Deploy.0 = Release|iPhoneSimulator
		{14305182-CD72-47D2-8905-414D42D3DFDB}.Release|iPhone.ActiveCfg = Release|iPhone
		{14305182-CD72-47D2-8905-414D42D3DFDB}.Release|iPhone.Build.0 = Release|iPhone
		{14305182-CD72-47D2-8905-414D42D3DFDB}.Release|iPhone.Deploy.0 = Release|iPhone
		{14305182-CD72-47D2-8905-414D42D3DFDB}.Release|iPhoneSimulator.ActiveCfg = Release|iPhoneSimulator
		{14305182-CD72-47D2-8905-414D42D3DFDB}.Release|iPhoneSimulator.Build.0 = Release|iPhoneSimulator
		{14305182-CD72-47D2-8905-414D42D3DFDB}.Release|iPhoneSimulator.Deploy.0 = Release|iPhoneSimulator
		{F09E273E-720D-4DB1-BA3B-DF3E5CC23D58}.Debug|Any CPU.ActiveCfg = Debug|Any CPU
		{F09E273E-720D-4DB1-BA3B-DF3E5CC23D58}.Debug|Any CPU.Build.0 = Debug|Any CPU
		{F09E273E-720D-4DB1-BA3B-DF3E5CC23D58}.Debug|Any CPU.Deploy.0 = Debug|Any CPU
		{F09E273E-720D-4DB1-BA3B-DF3E5CC23D58}.Debug|iPhone.ActiveCfg = Debug|Any CPU
		{F09E273E-720D-4DB1-BA3B-DF3E5CC23D58}.Debug|iPhone.Build.0 = Debug|Any CPU
		{F09E273E-720D-4DB1-BA3B-DF3E5CC23D58}.Debug|iPhone.Deploy.0 = Debug|Any CPU
		{F09E273E-720D-4DB1-BA3B-DF3E5CC23D58}.Debug|iPhoneSimulator.ActiveCfg = Debug|Any CPU
		{F09E273E-720D-4DB1-BA3B-DF3E5CC23D58}.Debug|iPhoneSimulator.Build.0 = Debug|Any CPU
		{F09E273E-720D-4DB1-BA3B-DF3E5CC23D58}.Debug|iPhoneSimulator.Deploy.0 = Debug|Any CPU
		{F09E273E-720D-4DB1-BA3B-DF3E5CC23D58}.Release|Any CPU.ActiveCfg = Release|Any CPU
		{F09E273E-720D-4DB1-BA3B-DF3E5CC23D58}.Release|Any CPU.Build.0 = Release|Any CPU
		{F09E273E-720D-4DB1-BA3B-DF3E5CC23D58}.Release|Any CPU.Deploy.0 = Release|Any CPU
		{F09E273E-720D-4DB1-BA3B-DF3E5CC23D58}.Release|iPhone.ActiveCfg = Release|Any CPU
		{F09E273E-720D-4DB1-BA3B-DF3E5CC23D58}.Release|iPhone.Build.0 = Release|Any CPU
		{F09E273E-720D-4DB1-BA3B-DF3E5CC23D58}.Release|iPhone.Deploy.0 = Release|Any CPU
		{F09E273E-720D-4DB1-BA3B-DF3E5CC23D58}.Release|iPhoneSimulator.ActiveCfg = Release|Any CPU
		{F09E273E-720D-4DB1-BA3B-DF3E5CC23D58}.Release|iPhoneSimulator.Build.0 = Release|Any CPU
		{F09E273E-720D-4DB1-BA3B-DF3E5CC23D58}.Release|iPhoneSimulator.Deploy.0 = Release|Any CPU
	EndGlobalSection
	GlobalSection(SolutionProperties) = preSolution
		HideSolutionNode = FALSE
	EndGlobalSection
	GlobalSection(ExtensibilityGlobals) = postSolution
		SolutionGuid = {65A2F684-4318-415E-9738-F68F00FBF952}
	EndGlobalSection
EndGlobal
